
Microsoft Visual Studio Solution File, Format Version 12.00
# Visual Studio 15
VisualStudioVersion = 15.0.27004.2008
MinimumVisualStudioVersion = 10.0.40219.1
Project("{FAE04EC0-301F-11D3-BF4B-00C04F79EFBC}") = "WebApplication1", "WebApplication1\WebApplication1.csproj", "{68F0A4D4-8BCD-47B1-AEA5-5E6B7DAA8ADE}"
EndProject
Project("{FAE04EC0-301F-11D3-BF4B-00C04F79EFBC}") = "WebApplication2", "WebApplication2\WebApplication2.csproj", "{7C90F54F-CF3E-4140-8D63-2B814381E138}"
EndProject
Global
	GlobalSection(SolutionConfigurationPlatforms) = preSolution
		Debug|Any CPU = Debug|Any CPU
		Release|Any CPU = Release|Any CPU
	EndGlobalSection
	GlobalSection(ProjectConfigurationPlatforms) = postSolution
		{68F0A4D4-8BCD-47B1-AEA5-5E6B7DAA8ADE}.Debug|Any CPU.ActiveCfg = Debug|Any CPU
		{68F0A4D4-8BCD-47B1-AEA5-5E6B7DAA8ADE}.Debug|Any CPU.Build.0 = Debug|Any CPU
		{68F0A4D4-8BCD-47B1-AEA5-5E6B7DAA8ADE}.Release|Any CPU.ActiveCfg = Release|Any CPU
		{68F0A4D4-8BCD-47B1-AEA5-5E6B7DAA8ADE}.Release|Any CPU.Build.0 = Release|Any CPU
		{7C90F54F-CF3E-4140-8D63-2B814381E138}.Debug|Any CPU.ActiveCfg = Debug|Any CPU
		{7C90F54F-CF3E-4140-8D63-2B814381E138}.Debug|Any CPU.Build.0 = Debug|Any CPU
		{7C90F54F-CF3E-4140-8D63-2B814381E138}.Release|Any CPU.ActiveCfg = Release|Any CPU
		{7C90F54F-CF3E-4140-8D63-2B814381E138}.Release|Any CPU.Build.0 = Release|Any CPU
	EndGlobalSection
	GlobalSection(SolutionProperties) = preSolution
		HideSolutionNode = FALSE
	EndGlobalSection
	GlobalSection(ExtensibilityGlobals) = postSolution
		SolutionGuid = {0FECF379-BEE1-490A-B4D0-BB60C53B8E44}
	EndGlobalSection
EndGlobal
