
Microsoft Visual Studio Solution File, Format Version 12.00
# Visual Studio 15
VisualStudioVersion = 15.0.27703.2047
MinimumVisualStudioVersion = 10.0.40219.1
Project("{FAE04EC0-301F-11D3-BF4B-00C04F79EFBC}") = "Oficina.Dominio", "Oficina.Dominio\Oficina.Dominio.csproj", "{8CFB4799-4BEA-426C-8970-31530D18E087}"
EndProject
Project("{2150E333-8FDC-42A3-9474-1A3956D46DE8}") = "Oficina", "Oficina", "{3BB4FF13-ED02-4D42-8EF3-ADAB6EB4BD5A}"
EndProject
Project("{FAE04EC0-301F-11D3-BF4B-00C04F79EFBC}") = "Oficina.Repositorios.SistemaArquivos", "Oficina.Repositorios.SistemaArquivos\Oficina.Repositorios.SistemaArquivos.csproj", "{368B6D7D-8909-4F10-AB1E-FF37571D25BC}"
EndProject
Project("{FAE04EC0-301F-11D3-BF4B-00C04F79EFBC}") = "Oficina.Repositorios.SistemaArquivosTests", "Oficina.Repositorios.SistemaArquivosTests\Oficina.Repositorios.SistemaArquivosTests.csproj", "{298BDCFD-004D-4A8F-A927-21423064D1D5}"
EndProject
Global
	GlobalSection(SolutionConfigurationPlatforms) = preSolution
		Debug|Any CPU = Debug|Any CPU
		Release|Any CPU = Release|Any CPU
	EndGlobalSection
	GlobalSection(ProjectConfigurationPlatforms) = postSolution
		{8CFB4799-4BEA-426C-8970-31530D18E087}.Debug|Any CPU.ActiveCfg = Debug|Any CPU
		{8CFB4799-4BEA-426C-8970-31530D18E087}.Debug|Any CPU.Build.0 = Debug|Any CPU
		{8CFB4799-4BEA-426C-8970-31530D18E087}.Release|Any CPU.ActiveCfg = Release|Any CPU
		{8CFB4799-4BEA-426C-8970-31530D18E087}.Release|Any CPU.Build.0 = Release|Any CPU
		{368B6D7D-8909-4F10-AB1E-FF37571D25BC}.Debug|Any CPU.ActiveCfg = Debug|Any CPU
		{368B6D7D-8909-4F10-AB1E-FF37571D25BC}.Debug|Any CPU.Build.0 = Debug|Any CPU
		{368B6D7D-8909-4F10-AB1E-FF37571D25BC}.Release|Any CPU.ActiveCfg = Release|Any CPU
		{368B6D7D-8909-4F10-AB1E-FF37571D25BC}.Release|Any CPU.Build.0 = Release|Any CPU
		{298BDCFD-004D-4A8F-A927-21423064D1D5}.Debug|Any CPU.ActiveCfg = Debug|Any CPU
		{298BDCFD-004D-4A8F-A927-21423064D1D5}.Debug|Any CPU.Build.0 = Debug|Any CPU
		{298BDCFD-004D-4A8F-A927-21423064D1D5}.Release|Any CPU.ActiveCfg = Release|Any CPU
		{298BDCFD-004D-4A8F-A927-21423064D1D5}.Release|Any CPU.Build.0 = Release|Any CPU
	EndGlobalSection
	GlobalSection(SolutionProperties) = preSolution
		HideSolutionNode = FALSE
	EndGlobalSection
	GlobalSection(NestedProjects) = preSolution
		{8CFB4799-4BEA-426C-8970-31530D18E087} = {3BB4FF13-ED02-4D42-8EF3-ADAB6EB4BD5A}
		{368B6D7D-8909-4F10-AB1E-FF37571D25BC} = {3BB4FF13-ED02-4D42-8EF3-ADAB6EB4BD5A}
	EndGlobalSection
	GlobalSection(ExtensibilityGlobals) = postSolution
		SolutionGuid = {703ACE47-EBCB-44EC-9BE7-D393CD1A5986}
	EndGlobalSection
EndGlobal
